// !$*UTF8*$!
{
	archiveVersion = 1;
	classes = {
	};
	objectVersion = 48;
	objects = {

/* Begin PBXBuildFile section */
		183CCA83204FD0F400B63AA3 /* iCarousel.m in Sources */ = {isa = PBXBuildFile; fileRef = 183CCA81204FD0F400B63AA3 /* iCarousel.m */; };
		183CCA86204FD15700B63AA3 /* LDHomeViewController.m in Sources */ = {isa = PBXBuildFile; fileRef = 183CCA85204FD15700B63AA3 /* LDHomeViewController.m */; };
		183CCA88204FD37B00B63AA3 /* LDHomeView.xib in Resources */ = {isa = PBXBuildFile; fileRef = 183CCA87204FD37B00B63AA3 /* LDHomeView.xib */; };
		183CCA8B204FD39500B63AA3 /* LDHomeView.m in Sources */ = {isa = PBXBuildFile; fileRef = 183CCA8A204FD39500B63AA3 /* LDHomeView.m */; };
		183CCA93204FEB5400B63AA3 /* LDMenuViewController.m in Sources */ = {isa = PBXBuildFile; fileRef = 183CCA92204FEB5400B63AA3 /* LDMenuViewController.m */; };
		183CCA96204FEC9100B63AA3 /* LDHeaderView.m in Sources */ = {isa = PBXBuildFile; fileRef = 183CCA95204FEC9100B63AA3 /* LDHeaderView.m */; };
		183CCA98204FEC9F00B63AA3 /* LDHeaderView.xib in Resources */ = {isa = PBXBuildFile; fileRef = 183CCA97204FEC9F00B63AA3 /* LDHeaderView.xib */; };
		183CCA9B204FEF8400B63AA3 /* LDMenuContentView.m in Sources */ = {isa = PBXBuildFile; fileRef = 183CCA9A204FEF8400B63AA3 /* LDMenuContentView.m */; };
		183CCA9D204FEF8C00B63AA3 /* LDMenuContentView.xib in Resources */ = {isa = PBXBuildFile; fileRef = 183CCA9C204FEF8C00B63AA3 /* LDMenuContentView.xib */; };
		186865FE2050D01400B7834F /* DCUpDownButton.m in Sources */ = {isa = PBXBuildFile; fileRef = 186865FC2050D01400B7834F /* DCUpDownButton.m */; };
		186866012050D49400B7834F /* LDNavBar.m in Sources */ = {isa = PBXBuildFile; fileRef = 186866002050D49400B7834F /* LDNavBar.m */; };
		186866032050D49D00B7834F /* LDNavBar.xib in Resources */ = {isa = PBXBuildFile; fileRef = 186866022050D49D00B7834F /* LDNavBar.xib */; };
		187C79C52043CF1800388505 /* AppDelegate.m in Sources */ = {isa = PBXBuildFile; fileRef = 187C79C42043CF1800388505 /* AppDelegate.m */; };
		187C79CB2043CF1800388505 /* Main.storyboard in Resources */ = {isa = PBXBuildFile; fileRef = 187C79C92043CF1800388505 /* Main.storyboard */; };
		187C79CD2043CF1800388505 /* Assets.xcassets in Resources */ = {isa = PBXBuildFile; fileRef = 187C79CC2043CF1800388505 /* Assets.xcassets */; };
		187C79D02043CF1800388505 /* LaunchScreen.storyboard in Resources */ = {isa = PBXBuildFile; fileRef = 187C79CE2043CF1800388505 /* LaunchScreen.storyboard */; };
		187C79D32043CF1800388505 /* main.m in Sources */ = {isa = PBXBuildFile; fileRef = 187C79D22043CF1800388505 /* main.m */; };
		189494EC204520E800E0FC97 /* UIView+Layout.m in Sources */ = {isa = PBXBuildFile; fileRef = 189494EB204520E700E0FC97 /* UIView+Layout.m */; };
		18E58EC6205289C300C08E63 /* XMNavigationController.m in Sources */ = {isa = PBXBuildFile; fileRef = 18E58EC5205289C300C08E63 /* XMNavigationController.m */; };
		18E58EC920528B5600C08E63 /* XMBaseViewController.m in Sources */ = {isa = PBXBuildFile; fileRef = 18E58EC820528B5600C08E63 /* XMBaseViewController.m */; };
		18E58ED020528C1C00C08E63 /* XMStockViewController.m in Sources */ = {isa = PBXBuildFile; fileRef = 18E58ECE20528C1C00C08E63 /* XMStockViewController.m */; };
		18E58ED120528C1C00C08E63 /* XMStockViewController.xib in Resources */ = {isa = PBXBuildFile; fileRef = 18E58ECF20528C1C00C08E63 /* XMStockViewController.xib */; };
		18E58ED520528D0B00C08E63 /* XMGoodCell.m in Sources */ = {isa = PBXBuildFile; fileRef = 18E58ED320528D0B00C08E63 /* XMGoodCell.m */; };
		18E58ED620528D0B00C08E63 /* XMGoodCell.xib in Resources */ = {isa = PBXBuildFile; fileRef = 18E58ED420528D0B00C08E63 /* XMGoodCell.xib */; };
		18E58ED9205290B000C08E63 /* FTLabel.m in Sources */ = {isa = PBXBuildFile; fileRef = 18E58ED7205290B000C08E63 /* FTLabel.m */; };
		87B3A618C733F003D8EB8413 /* libPods-XMShop.a in Frameworks */ = {isa = PBXBuildFile; fileRef = CB5FBAB803EF49C1098615BA /* libPods-XMShop.a */; };
		DD09327A22216794001777A9 /* libsqlite3.tbd in Frameworks */ = {isa = PBXBuildFile; fileRef = DD09327922216794001777A9 /* libsqlite3.tbd */; };
		DD0932C422216ED5001777A9 /* BGDB.m in Sources */ = {isa = PBXBuildFile; fileRef = DD0932AE22216ED5001777A9 /* BGDB.m */; };
		DD0932C522216ED5001777A9 /* BGTool.m in Sources */ = {isa = PBXBuildFile; fileRef = DD0932B222216ED5001777A9 /* BGTool.m */; };
		DD0932C622216ED5001777A9 /* NSCache+BGCache.m in Sources */ = {isa = PBXBuildFile; fileRef = DD0932B422216ED5001777A9 /* NSCache+BGCache.m */; };
		DD0932C722216ED5001777A9 /* NSObject+BGModel.m in Sources */ = {isa = PBXBuildFile; fileRef = DD0932B622216ED5001777A9 /* NSObject+BGModel.m */; };
		DD0932C822216ED5001777A9 /* FMDatabase.m in Sources */ = {isa = PBXBuildFile; fileRef = DD0932B922216ED5001777A9 /* FMDatabase.m */; };
		DD0932C922216ED5001777A9 /* FMDatabaseAdditions.m in Sources */ = {isa = PBXBuildFile; fileRef = DD0932BB22216ED5001777A9 /* FMDatabaseAdditions.m */; };
		DD0932CA22216ED5001777A9 /* FMDatabasePool.m in Sources */ = {isa = PBXBuildFile; fileRef = DD0932BD22216ED5001777A9 /* FMDatabasePool.m */; };
		DD0932CB22216ED5001777A9 /* FMDatabaseQueue.m in Sources */ = {isa = PBXBuildFile; fileRef = DD0932BF22216ED5001777A9 /* FMDatabaseQueue.m */; };
		DD0932CC22216ED5001777A9 /* FMResultSet.m in Sources */ = {isa = PBXBuildFile; fileRef = DD0932C222216ED5001777A9 /* FMResultSet.m */; };
		DD0932CD22216ED5001777A9 /* Info.plist in Resources */ = {isa = PBXBuildFile; fileRef = DD0932C322216ED5001777A9 /* Info.plist */; };
		DD0932D32221725E001777A9 /* XMGoodModel.m in Sources */ = {isa = PBXBuildFile; fileRef = DD0932D22221725E001777A9 /* XMGoodModel.m */; };
		DD0932D6222195CE001777A9 /* XMContacts.m in Sources */ = {isa = PBXBuildFile; fileRef = DD0932D5222195CE001777A9 /* XMContacts.m */; };
		DD0B22B3221FF9D1002B6BC1 /* XMAddGoodViewController.m in Sources */ = {isa = PBXBuildFile; fileRef = DD0B22B2221FF9D1002B6BC1 /* XMAddGoodViewController.m */; };
		DD3F520422226F4900178BC3 /* XMServiceViewController.m in Sources */ = {isa = PBXBuildFile; fileRef = DD3F520322226F4900178BC3 /* XMServiceViewController.m */; };
		DD3F520B22227AE800178BC3 /* XMAddGood.storyboard in Resources */ = {isa = PBXBuildFile; fileRef = DD3F520A22227AE800178BC3 /* XMAddGood.storyboard */; };
		DD83316622219B2900C4EC17 /* DCCategrayViewController.m in Sources */ = {isa = PBXBuildFile; fileRef = DD83316422219B2800C4EC17 /* DCCategrayViewController.m */; };
		DD8331692221A86F00C4EC17 /* UIViewController+Alert.m in Sources */ = {isa = PBXBuildFile; fileRef = DD8331682221A86E00C4EC17 /* UIViewController+Alert.m */; };
		DD8503772056B91B00C4B750 /* XMDetailPopview.m in Sources */ = {isa = PBXBuildFile; fileRef = DD8503762056B91B00C4B750 /* XMDetailPopview.m */; };
		DD8503792056B92600C4B750 /* XMDetailPopview.xib in Resources */ = {isa = PBXBuildFile; fileRef = DD8503782056B92600C4B750 /* XMDetailPopview.xib */; };
/* End PBXBuildFile section */

/* Begin PBXFileReference section */
		183CCA81204FD0F400B63AA3 /* iCarousel.m */ = {isa = PBXFileReference; fileEncoding = 4; lastKnownFileType = sourcecode.c.objc; path = iCarousel.m; sourceTree = "<group>"; };
		183CCA82204FD0F400B63AA3 /* iCarousel.h */ = {isa = PBXFileReference; fileEncoding = 4; lastKnownFileType = sourcecode.c.h; path = iCarousel.h; sourceTree = "<group>"; };
		183CCA84204FD15700B63AA3 /* LDHomeViewController.h */ = {isa = PBXFileReference; lastKnownFileType = sourcecode.c.h; path = LDHomeViewController.h; sourceTree = "<group>"; };
		183CCA85204FD15700B63AA3 /* LDHomeViewController.m */ = {isa = PBXFileReference; lastKnownFileType = sourcecode.c.objc; path = LDHomeViewController.m; sourceTree = "<group>"; };
		183CCA87204FD37B00B63AA3 /* LDHomeView.xib */ = {isa = PBXFileReference; lastKnownFileType = file.xib; path = LDHomeView.xib; sourceTree = "<group>"; };
		183CCA89204FD39500B63AA3 /* LDHomeView.h */ = {isa = PBXFileReference; lastKnownFileType = sourcecode.c.h; path = LDHomeView.h; sourceTree = "<group>"; };
		183CCA8A204FD39500B63AA3 /* LDHomeView.m */ = {isa = PBXFileReference; lastKnownFileType = sourcecode.c.objc; path = LDHomeView.m; sourceTree = "<group>"; };
		183CCA91204FEB5400B63AA3 /* LDMenuViewController.h */ = {isa = PBXFileReference; lastKnownFileType = sourcecode.c.h; path = LDMenuViewController.h; sourceTree = "<group>"; };
		183CCA92204FEB5400B63AA3 /* LDMenuViewController.m */ = {isa = PBXFileReference; lastKnownFileType = sourcecode.c.objc; path = LDMenuViewController.m; sourceTree = "<group>"; };
		183CCA94204FEC9100B63AA3 /* LDHeaderView.h */ = {isa = PBXFileReference; lastKnownFileType = sourcecode.c.h; path = LDHeaderView.h; sourceTree = "<group>"; };
		183CCA95204FEC9100B63AA3 /* LDHeaderView.m */ = {isa = PBXFileReference; lastKnownFileType = sourcecode.c.objc; path = LDHeaderView.m; sourceTree = "<group>"; };
		183CCA97204FEC9F00B63AA3 /* LDHeaderView.xib */ = {isa = PBXFileReference; lastKnownFileType = file.xib; path = LDHeaderView.xib; sourceTree = "<group>"; };
		183CCA99204FEF8400B63AA3 /* LDMenuContentView.h */ = {isa = PBXFileReference; lastKnownFileType = sourcecode.c.h; path = LDMenuContentView.h; sourceTree = "<group>"; };
		183CCA9A204FEF8400B63AA3 /* LDMenuContentView.m */ = {isa = PBXFileReference; lastKnownFileType = sourcecode.c.objc; path = LDMenuContentView.m; sourceTree = "<group>"; };
		183CCA9C204FEF8C00B63AA3 /* LDMenuContentView.xib */ = {isa = PBXFileReference; lastKnownFileType = file.xib; path = LDMenuContentView.xib; sourceTree = "<group>"; };
		186865FC2050D01400B7834F /* DCUpDownButton.m */ = {isa = PBXFileReference; fileEncoding = 4; lastKnownFileType = sourcecode.c.objc; path = DCUpDownButton.m; sourceTree = "<group>"; };
		186865FD2050D01400B7834F /* DCUpDownButton.h */ = {isa = PBXFileReference; fileEncoding = 4; lastKnownFileType = sourcecode.c.h; path = DCUpDownButton.h; sourceTree = "<group>"; };
		186865FF2050D49400B7834F /* LDNavBar.h */ = {isa = PBXFileReference; lastKnownFileType = sourcecode.c.h; path = LDNavBar.h; sourceTree = "<group>"; };
		186866002050D49400B7834F /* LDNavBar.m */ = {isa = PBXFileReference; lastKnownFileType = sourcecode.c.objc; path = LDNavBar.m; sourceTree = "<group>"; };
		186866022050D49D00B7834F /* LDNavBar.xib */ = {isa = PBXFileReference; lastKnownFileType = file.xib; path = LDNavBar.xib; sourceTree = "<group>"; };
		186866042050DF4C00B7834F /* PrefixHeader.pch */ = {isa = PBXFileReference; lastKnownFileType = sourcecode.c.h; path = PrefixHeader.pch; sourceTree = "<group>"; };
		186866052050E01E00B7834F /* Headers.h */ = {isa = PBXFileReference; lastKnownFileType = sourcecode.c.h; path = Headers.h; sourceTree = "<group>"; };
		186866072050E0E700B7834F /* Macros.h */ = {isa = PBXFileReference; lastKnownFileType = sourcecode.c.h; path = Macros.h; sourceTree = "<group>"; };
		187C79C02043CF1800388505 /* XMShop.app */ = {isa = PBXFileReference; explicitFileType = wrapper.application; includeInIndex = 0; path = XMShop.app; sourceTree = BUILT_PRODUCTS_DIR; };
		187C79C32043CF1800388505 /* AppDelegate.h */ = {isa = PBXFileReference; lastKnownFileType = sourcecode.c.h; path = AppDelegate.h; sourceTree = "<group>"; };
		187C79C42043CF1800388505 /* AppDelegate.m */ = {isa = PBXFileReference; lastKnownFileType = sourcecode.c.objc; path = AppDelegate.m; sourceTree = "<group>"; };
		187C79CA2043CF1800388505 /* Base */ = {isa = PBXFileReference; lastKnownFileType = file.storyboard; name = Base; path = Base.lproj/Main.storyboard; sourceTree = "<group>"; };
		187C79CC2043CF1800388505 /* Assets.xcassets */ = {isa = PBXFileReference; lastKnownFileType = folder.assetcatalog; path = Assets.xcassets; sourceTree = "<group>"; };
		187C79CF2043CF1800388505 /* Base */ = {isa = PBXFileReference; lastKnownFileType = file.storyboard; name = Base; path = Base.lproj/LaunchScreen.storyboard; sourceTree = "<group>"; };
		187C79D12043CF1800388505 /* Info.plist */ = {isa = PBXFileReference; lastKnownFileType = text.plist.xml; path = Info.plist; sourceTree = "<group>"; };
		187C79D22043CF1800388505 /* main.m */ = {isa = PBXFileReference; lastKnownFileType = sourcecode.c.objc; path = main.m; sourceTree = "<group>"; };
		189494EA204520E700E0FC97 /* UIView+Layout.h */ = {isa = PBXFileReference; fileEncoding = 4; lastKnownFileType = sourcecode.c.h; path = "UIView+Layout.h"; sourceTree = "<group>"; };
		189494EB204520E700E0FC97 /* UIView+Layout.m */ = {isa = PBXFileReference; fileEncoding = 4; lastKnownFileType = sourcecode.c.objc; path = "UIView+Layout.m"; sourceTree = "<group>"; };
		18E58EC4205289C300C08E63 /* XMNavigationController.h */ = {isa = PBXFileReference; lastKnownFileType = sourcecode.c.h; path = XMNavigationController.h; sourceTree = "<group>"; };
		18E58EC5205289C300C08E63 /* XMNavigationController.m */ = {isa = PBXFileReference; lastKnownFileType = sourcecode.c.objc; path = XMNavigationController.m; sourceTree = "<group>"; };
		18E58EC720528B5600C08E63 /* XMBaseViewController.h */ = {isa = PBXFileReference; lastKnownFileType = sourcecode.c.h; path = XMBaseViewController.h; sourceTree = "<group>"; };
		18E58EC820528B5600C08E63 /* XMBaseViewController.m */ = {isa = PBXFileReference; lastKnownFileType = sourcecode.c.objc; path = XMBaseViewController.m; sourceTree = "<group>"; };
		18E58ECD20528C1C00C08E63 /* XMStockViewController.h */ = {isa = PBXFileReference; lastKnownFileType = sourcecode.c.h; path = XMStockViewController.h; sourceTree = "<group>"; };
		18E58ECE20528C1C00C08E63 /* XMStockViewController.m */ = {isa = PBXFileReference; lastKnownFileType = sourcecode.c.objc; path = XMStockViewController.m; sourceTree = "<group>"; };
		18E58ECF20528C1C00C08E63 /* XMStockViewController.xib */ = {isa = PBXFileReference; lastKnownFileType = file.xib; path = XMStockViewController.xib; sourceTree = "<group>"; };
		18E58ED220528D0B00C08E63 /* XMGoodCell.h */ = {isa = PBXFileReference; lastKnownFileType = sourcecode.c.h; path = XMGoodCell.h; sourceTree = "<group>"; };
		18E58ED320528D0B00C08E63 /* XMGoodCell.m */ = {isa = PBXFileReference; lastKnownFileType = sourcecode.c.objc; path = XMGoodCell.m; sourceTree = "<group>"; };
		18E58ED420528D0B00C08E63 /* XMGoodCell.xib */ = {isa = PBXFileReference; lastKnownFileType = file.xib; path = XMGoodCell.xib; sourceTree = "<group>"; };
		18E58ED7205290B000C08E63 /* FTLabel.m */ = {isa = PBXFileReference; fileEncoding = 4; lastKnownFileType = sourcecode.c.objc; path = FTLabel.m; sourceTree = "<group>"; };
		18E58ED8205290B000C08E63 /* FTLabel.h */ = {isa = PBXFileReference; fileEncoding = 4; lastKnownFileType = sourcecode.c.h; path = FTLabel.h; sourceTree = "<group>"; };
		397CD5BA39F2142F975C7530 /* Pods-XMShop.release.xcconfig */ = {isa = PBXFileReference; includeInIndex = 1; lastKnownFileType = text.xcconfig; name = "Pods-XMShop.release.xcconfig"; path = "Pods/Target Support Files/Pods-XMShop/Pods-XMShop.release.xcconfig"; sourceTree = "<group>"; };
		CB5FBAB803EF49C1098615BA /* libPods-XMShop.a */ = {isa = PBXFileReference; explicitFileType = archive.ar; includeInIndex = 0; path = "libPods-XMShop.a"; sourceTree = BUILT_PRODUCTS_DIR; };
		DCE98B4C371C1A39E723398D /* Pods-XMShop.debug.xcconfig */ = {isa = PBXFileReference; includeInIndex = 1; lastKnownFileType = text.xcconfig; name = "Pods-XMShop.debug.xcconfig"; path = "Pods/Target Support Files/Pods-XMShop/Pods-XMShop.debug.xcconfig"; sourceTree = "<group>"; };
		DD09327922216794001777A9 /* libsqlite3.tbd */ = {isa = PBXFileReference; lastKnownFileType = "sourcecode.text-based-dylib-definition"; name = libsqlite3.tbd; path = usr/lib/libsqlite3.tbd; sourceTree = SDKROOT; };
		DD0932AD22216ED5001777A9 /* BGDB.h */ = {isa = PBXFileReference; fileEncoding = 4; lastKnownFileType = sourcecode.c.h; path = BGDB.h; sourceTree = "<group>"; };
		DD0932AE22216ED5001777A9 /* BGDB.m */ = {isa = PBXFileReference; fileEncoding = 4; lastKnownFileType = sourcecode.c.objc; path = BGDB.m; sourceTree = "<group>"; };
		DD0932AF22216ED5001777A9 /* BGFMDB.h */ = {isa = PBXFileReference; fileEncoding = 4; lastKnownFileType = sourcecode.c.h; path = BGFMDB.h; sourceTree = "<group>"; };
		DD0932B022216ED5001777A9 /* BGFMDBConfig.h */ = {isa = PBXFileReference; fileEncoding = 4; lastKnownFileType = sourcecode.c.h; path = BGFMDBConfig.h; sourceTree = "<group>"; };
		DD0932B122216ED5001777A9 /* BGTool.h */ = {isa = PBXFileReference; fileEncoding = 4; lastKnownFileType = sourcecode.c.h; path = BGTool.h; sourceTree = "<group>"; };
		DD0932B222216ED5001777A9 /* BGTool.m */ = {isa = PBXFileReference; fileEncoding = 4; lastKnownFileType = sourcecode.c.objc; path = BGTool.m; sourceTree = "<group>"; };
		DD0932B322216ED5001777A9 /* NSCache+BGCache.h */ = {isa = PBXFileReference; fileEncoding = 4; lastKnownFileType = sourcecode.c.h; path = "NSCache+BGCache.h"; sourceTree = "<group>"; };
		DD0932B422216ED5001777A9 /* NSCache+BGCache.m */ = {isa = PBXFileReference; fileEncoding = 4; lastKnownFileType = sourcecode.c.objc; path = "NSCache+BGCache.m"; sourceTree = "<group>"; };
		DD0932B522216ED5001777A9 /* NSObject+BGModel.h */ = {isa = PBXFileReference; fileEncoding = 4; lastKnownFileType = sourcecode.c.h; path = "NSObject+BGModel.h"; sourceTree = "<group>"; };
		DD0932B622216ED5001777A9 /* NSObject+BGModel.m */ = {isa = PBXFileReference; fileEncoding = 4; lastKnownFileType = sourcecode.c.objc; path = "NSObject+BGModel.m"; sourceTree = "<group>"; };
		DD0932B822216ED5001777A9 /* FMDatabase.h */ = {isa = PBXFileReference; fileEncoding = 4; lastKnownFileType = sourcecode.c.h; path = FMDatabase.h; sourceTree = "<group>"; };
		DD0932B922216ED5001777A9 /* FMDatabase.m */ = {isa = PBXFileReference; fileEncoding = 4; lastKnownFileType = sourcecode.c.objc; path = FMDatabase.m; sourceTree = "<group>"; };
		DD0932BA22216ED5001777A9 /* FMDatabaseAdditions.h */ = {isa = PBXFileReference; fileEncoding = 4; lastKnownFileType = sourcecode.c.h; path = FMDatabaseAdditions.h; sourceTree = "<group>"; };
		DD0932BB22216ED5001777A9 /* FMDatabaseAdditions.m */ = {isa = PBXFileReference; fileEncoding = 4; lastKnownFileType = sourcecode.c.objc; path = FMDatabaseAdditions.m; sourceTree = "<group>"; };
		DD0932BC22216ED5001777A9 /* FMDatabasePool.h */ = {isa = PBXFileReference; fileEncoding = 4; lastKnownFileType = sourcecode.c.h; path = FMDatabasePool.h; sourceTree = "<group>"; };
		DD0932BD22216ED5001777A9 /* FMDatabasePool.m */ = {isa = PBXFileReference; fileEncoding = 4; lastKnownFileType = sourcecode.c.objc; path = FMDatabasePool.m; sourceTree = "<group>"; };
		DD0932BE22216ED5001777A9 /* FMDatabaseQueue.h */ = {isa = PBXFileReference; fileEncoding = 4; lastKnownFileType = sourcecode.c.h; path = FMDatabaseQueue.h; sourceTree = "<group>"; };
		DD0932BF22216ED5001777A9 /* FMDatabaseQueue.m */ = {isa = PBXFileReference; fileEncoding = 4; lastKnownFileType = sourcecode.c.objc; path = FMDatabaseQueue.m; sourceTree = "<group>"; };
		DD0932C022216ED5001777A9 /* FMDB.h */ = {isa = PBXFileReference; fileEncoding = 4; lastKnownFileType = sourcecode.c.h; path = FMDB.h; sourceTree = "<group>"; };
		DD0932C122216ED5001777A9 /* FMResultSet.h */ = {isa = PBXFileReference; fileEncoding = 4; lastKnownFileType = sourcecode.c.h; path = FMResultSet.h; sourceTree = "<group>"; };
		DD0932C222216ED5001777A9 /* FMResultSet.m */ = {isa = PBXFileReference; fileEncoding = 4; lastKnownFileType = sourcecode.c.objc; path = FMResultSet.m; sourceTree = "<group>"; };
		DD0932C322216ED5001777A9 /* Info.plist */ = {isa = PBXFileReference; fileEncoding = 4; lastKnownFileType = text.plist.xml; path = Info.plist; sourceTree = "<group>"; };
		DD0932D12221725E001777A9 /* XMGoodModel.h */ = {isa = PBXFileReference; lastKnownFileType = sourcecode.c.h; path = XMGoodModel.h; sourceTree = "<group>"; };
		DD0932D22221725E001777A9 /* XMGoodModel.m */ = {isa = PBXFileReference; lastKnownFileType = sourcecode.c.objc; path = XMGoodModel.m; sourceTree = "<group>"; };
		DD0932D4222195CE001777A9 /* XMContacts.h */ = {isa = PBXFileReference; lastKnownFileType = sourcecode.c.h; path = XMContacts.h; sourceTree = "<group>"; };
		DD0932D5222195CE001777A9 /* XMContacts.m */ = {isa = PBXFileReference; lastKnownFileType = sourcecode.c.objc; path = XMContacts.m; sourceTree = "<group>"; };
		DD0B22B1221FF9D1002B6BC1 /* XMAddGoodViewController.h */ = {isa = PBXFileReference; lastKnownFileType = sourcecode.c.h; path = XMAddGoodViewController.h; sourceTree = "<group>"; };
		DD0B22B2221FF9D1002B6BC1 /* XMAddGoodViewController.m */ = {isa = PBXFileReference; lastKnownFileType = sourcecode.c.objc; path = XMAddGoodViewController.m; sourceTree = "<group>"; };
		DD3F520222226F4900178BC3 /* XMServiceViewController.h */ = {isa = PBXFileReference; lastKnownFileType = sourcecode.c.h; path = XMServiceViewController.h; sourceTree = "<group>"; };
		DD3F520322226F4900178BC3 /* XMServiceViewController.m */ = {isa = PBXFileReference; lastKnownFileType = sourcecode.c.objc; path = XMServiceViewController.m; sourceTree = "<group>"; };
		DD3F520A22227AE800178BC3 /* XMAddGood.storyboard */ = {isa = PBXFileReference; lastKnownFileType = file.storyboard; path = XMAddGood.storyboard; sourceTree = "<group>"; };
		DD83316422219B2800C4EC17 /* DCCategrayViewController.m */ = {isa = PBXFileReference; fileEncoding = 4; lastKnownFileType = sourcecode.c.objc; path = DCCategrayViewController.m; sourceTree = "<group>"; };
		DD83316522219B2900C4EC17 /* DCCategrayViewController.h */ = {isa = PBXFileReference; fileEncoding = 4; lastKnownFileType = sourcecode.c.h; path = DCCategrayViewController.h; sourceTree = "<group>"; };
		DD8331672221A86E00C4EC17 /* UIViewController+Alert.h */ = {isa = PBXFileReference; fileEncoding = 4; lastKnownFileType = sourcecode.c.h; path = "UIViewController+Alert.h"; sourceTree = "<group>"; };
		DD8331682221A86E00C4EC17 /* UIViewController+Alert.m */ = {isa = PBXFileReference; fileEncoding = 4; lastKnownFileType = sourcecode.c.objc; path = "UIViewController+Alert.m"; sourceTree = "<group>"; };
		DD8503752056B91B00C4B750 /* XMDetailPopview.h */ = {isa = PBXFileReference; lastKnownFileType = sourcecode.c.h; path = XMDetailPopview.h; sourceTree = "<group>"; };
		DD8503762056B91B00C4B750 /* XMDetailPopview.m */ = {isa = PBXFileReference; lastKnownFileType = sourcecode.c.objc; path = XMDetailPopview.m; sourceTree = "<group>"; };
		DD8503782056B92600C4B750 /* XMDetailPopview.xib */ = {isa = PBXFileReference; lastKnownFileType = file.xib; path = XMDetailPopview.xib; sourceTree = "<group>"; };
/* End PBXFileReference section */

/* Begin PBXFrameworksBuildPhase section */
		187C79BD2043CF1800388505 /* Frameworks */ = {
			isa = PBXFrameworksBuildPhase;
			buildActionMask = 2147483647;
			files = (
				DD09327A22216794001777A9 /* libsqlite3.tbd in Frameworks */,
				87B3A618C733F003D8EB8413 /* libPods-XMShop.a in Frameworks */,
			);
			runOnlyForDeploymentPostprocessing = 0;
		};
/* End PBXFrameworksBuildPhase section */

/* Begin PBXGroup section */
		183CCA7B204FCFCC00B63AA3 /* Home(首页) */ = {
			isa = PBXGroup;
			children = (
				183CCA7D204FCFF600B63AA3 /* vc */,
				183CCA7E204FCFF600B63AA3 /* view */,
				183CCA7C204FCFF600B63AA3 /* model */,
			);
			path = "Home(首页)";
			sourceTree = "<group>";
		};
		183CCA7C204FCFF600B63AA3 /* model */ = {
			isa = PBXGroup;
			children = (
			);
			path = model;
			sourceTree = "<group>";
		};
		183CCA7D204FCFF600B63AA3 /* vc */ = {
			isa = PBXGroup;
			children = (
				187C79C92043CF1800388505 /* Main.storyboard */,
				183CCA84204FD15700B63AA3 /* LDHomeViewController.h */,
				183CCA85204FD15700B63AA3 /* LDHomeViewController.m */,
			);
			path = vc;
			sourceTree = "<group>";
		};
		183CCA7E204FCFF600B63AA3 /* view */ = {
			isa = PBXGroup;
			children = (
				183CCA89204FD39500B63AA3 /* LDHomeView.h */,
				183CCA8A204FD39500B63AA3 /* LDHomeView.m */,
				183CCA87204FD37B00B63AA3 /* LDHomeView.xib */,
			);
			path = view;
			sourceTree = "<group>";
		};
		183CCA7F204FD05300B63AA3 /* Category(分类) */ = {
			isa = PBXGroup;
			children = (
				189494EA204520E700E0FC97 /* UIView+Layout.h */,
				189494EB204520E700E0FC97 /* UIView+Layout.m */,
				DD8331672221A86E00C4EC17 /* UIViewController+Alert.h */,
				DD8331682221A86E00C4EC17 /* UIViewController+Alert.m */,
			);
			path = "Category(分类)";
			sourceTree = "<group>";
		};
		183CCA80204FD0EB00B63AA3 /* third(三方) */ = {
			isa = PBXGroup;
			children = (
				DD0932AC22216ED5001777A9 /* BGFMDB */,
				DD0932B722216ED5001777A9 /* FMDB */,
				DD09327822216704001777A9 /* iCarousel */,
			);
			path = "third(三方)";
			sourceTree = "<group>";
		};
		183CCA8D204FEABE00B63AA3 /* Menu(菜单) */ = {
			isa = PBXGroup;
			children = (
				183CCA8E204FEB3600B63AA3 /* vc */,
				183CCA8F204FEB3600B63AA3 /* model */,
				183CCA90204FEB3600B63AA3 /* view */,
			);
			path = "Menu(菜单)";
			sourceTree = "<group>";
		};
		183CCA8E204FEB3600B63AA3 /* vc */ = {
			isa = PBXGroup;
			children = (
				183CCA91204FEB5400B63AA3 /* LDMenuViewController.h */,
				183CCA92204FEB5400B63AA3 /* LDMenuViewController.m */,
			);
			path = vc;
			sourceTree = "<group>";
		};
		183CCA8F204FEB3600B63AA3 /* model */ = {
			isa = PBXGroup;
			children = (
			);
			path = model;
			sourceTree = "<group>";
		};
		183CCA90204FEB3600B63AA3 /* view */ = {
			isa = PBXGroup;
			children = (
				183CCA94204FEC9100B63AA3 /* LDHeaderView.h */,
				183CCA95204FEC9100B63AA3 /* LDHeaderView.m */,
				183CCA97204FEC9F00B63AA3 /* LDHeaderView.xib */,
				183CCA99204FEF8400B63AA3 /* LDMenuContentView.h */,
				183CCA9A204FEF8400B63AA3 /* LDMenuContentView.m */,
				183CCA9C204FEF8C00B63AA3 /* LDMenuContentView.xib */,
				186865FF2050D49400B7834F /* LDNavBar.h */,
				186866002050D49400B7834F /* LDNavBar.m */,
				186866022050D49D00B7834F /* LDNavBar.xib */,
			);
			path = view;
			sourceTree = "<group>";
		};
		186865FB2050CFF800B7834F /* CustomView */ = {
			isa = PBXGroup;
			children = (
				18E58ED8205290B000C08E63 /* FTLabel.h */,
				18E58ED7205290B000C08E63 /* FTLabel.m */,
				186865FD2050D01400B7834F /* DCUpDownButton.h */,
				186865FC2050D01400B7834F /* DCUpDownButton.m */,
				18E58EC4205289C300C08E63 /* XMNavigationController.h */,
				18E58EC5205289C300C08E63 /* XMNavigationController.m */,
				18E58EC720528B5600C08E63 /* XMBaseViewController.h */,
				18E58EC820528B5600C08E63 /* XMBaseViewController.m */,
			);
			path = CustomView;
			sourceTree = "<group>";
		};
		186866062050E0B600B7834F /* Macros( 宏) */ = {
			isa = PBXGroup;
			children = (
				186866042050DF4C00B7834F /* PrefixHeader.pch */,
				186866052050E01E00B7834F /* Headers.h */,
				186866072050E0E700B7834F /* Macros.h */,
			);
			name = "Macros( 宏)";
			path = "XMShop/Macros( 宏)";
			sourceTree = SOURCE_ROOT;
		};
		187C79B72043CF1800388505 = {
			isa = PBXGroup;
			children = (
				187C79C22043CF1800388505 /* XMShop */,
				187C79C12043CF1800388505 /* Products */,
				9221D4D71B9BD29AB556A3B1 /* Pods */,
				B8A61D67F5A1EEA94B30A593 /* Frameworks */,
			);
			sourceTree = "<group>";
		};
		187C79C12043CF1800388505 /* Products */ = {
			isa = PBXGroup;
			children = (
				187C79C02043CF1800388505 /* XMShop.app */,
			);
			name = Products;
			sourceTree = "<group>";
		};
		187C79C22043CF1800388505 /* XMShop */ = {
			isa = PBXGroup;
			children = (
				183CCA7B204FCFCC00B63AA3 /* Home(首页) */,
				183CCA8D204FEABE00B63AA3 /* Menu(菜单) */,
				18E58EBD205287A500C08E63 /* Detail(详细功能) */,
				186865FB2050CFF800B7834F /* CustomView */,
				183CCA80204FD0EB00B63AA3 /* third(三方) */,
				183CCA7F204FD05300B63AA3 /* Category(分类) */,
				186866062050E0B600B7834F /* Macros( 宏) */,
				187C79C32043CF1800388505 /* AppDelegate.h */,
				187C79C42043CF1800388505 /* AppDelegate.m */,
				187C79CC2043CF1800388505 /* Assets.xcassets */,
				187C79CE2043CF1800388505 /* LaunchScreen.storyboard */,
				187C79D12043CF1800388505 /* Info.plist */,
				187C79D22043CF1800388505 /* main.m */,
			);
			path = XMShop;
			sourceTree = "<group>";
		};
		18E58EBD205287A500C08E63 /* Detail(详细功能) */ = {
			isa = PBXGroup;
			children = (
				DD3F520A22227AE800178BC3 /* XMAddGood.storyboard */,
				DD3F51FE22226EED00178BC3 /* servicer(供应商) */,
				DD83316322219B2200C4EC17 /* goodType商品种类 */,
				DD0B22AD221FF945002B6BC1 /* addGood(添加商品) */,
				18E58EBE205287A500C08E63 /* model */,
				18E58EBF205287A500C08E63 /* goodStore(商品库存) */,
				18E58EC0205287A500C08E63 /* view */,
			);
			path = "Detail(详细功能)";
			sourceTree = "<group>";
		};
		18E58EBE205287A500C08E63 /* model */ = {
			isa = PBXGroup;
			children = (
			);
			path = model;
			sourceTree = "<group>";
		};
		18E58EBF205287A500C08E63 /* goodStore(商品库存) */ = {
			isa = PBXGroup;
			children = (
				18E58ECD20528C1C00C08E63 /* XMStockViewController.h */,
				18E58ECE20528C1C00C08E63 /* XMStockViewController.m */,
				18E58ECF20528C1C00C08E63 /* XMStockViewController.xib */,
			);
			path = "goodStore(商品库存)";
			sourceTree = "<group>";
		};
		18E58EC0205287A500C08E63 /* view */ = {
			isa = PBXGroup;
			children = (
				18E58ED220528D0B00C08E63 /* XMGoodCell.h */,
				18E58ED320528D0B00C08E63 /* XMGoodCell.m */,
				18E58ED420528D0B00C08E63 /* XMGoodCell.xib */,
				DD8503752056B91B00C4B750 /* XMDetailPopview.h */,
				DD8503762056B91B00C4B750 /* XMDetailPopview.m */,
				DD8503782056B92600C4B750 /* XMDetailPopview.xib */,
			);
			path = view;
			sourceTree = "<group>";
		};
		9221D4D71B9BD29AB556A3B1 /* Pods */ = {
			isa = PBXGroup;
			children = (
				DCE98B4C371C1A39E723398D /* Pods-XMShop.debug.xcconfig */,
				397CD5BA39F2142F975C7530 /* Pods-XMShop.release.xcconfig */,
			);
			name = Pods;
			sourceTree = "<group>";
		};
		B8A61D67F5A1EEA94B30A593 /* Frameworks */ = {
			isa = PBXGroup;
			children = (
				DD09327922216794001777A9 /* libsqlite3.tbd */,
				CB5FBAB803EF49C1098615BA /* libPods-XMShop.a */,
			);
			name = Frameworks;
			sourceTree = "<group>";
		};
		DD09327822216704001777A9 /* iCarousel */ = {
			isa = PBXGroup;
			children = (
				183CCA82204FD0F400B63AA3 /* iCarousel.h */,
				183CCA81204FD0F400B63AA3 /* iCarousel.m */,
			);
			path = iCarousel;
			sourceTree = "<group>";
		};
		DD0932AC22216ED5001777A9 /* BGFMDB */ = {
			isa = PBXGroup;
			children = (
				DD0932AD22216ED5001777A9 /* BGDB.h */,
				DD0932AE22216ED5001777A9 /* BGDB.m */,
				DD0932AF22216ED5001777A9 /* BGFMDB.h */,
				DD0932B022216ED5001777A9 /* BGFMDBConfig.h */,
				DD0932B122216ED5001777A9 /* BGTool.h */,
				DD0932B222216ED5001777A9 /* BGTool.m */,
				DD0932B322216ED5001777A9 /* NSCache+BGCache.h */,
				DD0932B422216ED5001777A9 /* NSCache+BGCache.m */,
				DD0932B522216ED5001777A9 /* NSObject+BGModel.h */,
				DD0932B622216ED5001777A9 /* NSObject+BGModel.m */,
			);
			path = BGFMDB;
			sourceTree = "<group>";
		};
		DD0932B722216ED5001777A9 /* FMDB */ = {
			isa = PBXGroup;
			children = (
				DD0932B822216ED5001777A9 /* FMDatabase.h */,
				DD0932B922216ED5001777A9 /* FMDatabase.m */,
				DD0932BA22216ED5001777A9 /* FMDatabaseAdditions.h */,
				DD0932BB22216ED5001777A9 /* FMDatabaseAdditions.m */,
				DD0932BC22216ED5001777A9 /* FMDatabasePool.h */,
				DD0932BD22216ED5001777A9 /* FMDatabasePool.m */,
				DD0932BE22216ED5001777A9 /* FMDatabaseQueue.h */,
				DD0932BF22216ED5001777A9 /* FMDatabaseQueue.m */,
				DD0932C022216ED5001777A9 /* FMDB.h */,
				DD0932C122216ED5001777A9 /* FMResultSet.h */,
				DD0932C222216ED5001777A9 /* FMResultSet.m */,
				DD0932C322216ED5001777A9 /* Info.plist */,
			);
			path = FMDB;
			sourceTree = "<group>";
		};
		DD0932CE22217221001777A9 /* model */ = {
			isa = PBXGroup;
			children = (
				DD0932D12221725E001777A9 /* XMGoodModel.h */,
				DD0932D22221725E001777A9 /* XMGoodModel.m */,
				DD0932D4222195CE001777A9 /* XMContacts.h */,
				DD0932D5222195CE001777A9 /* XMContacts.m */,
			);
			path = model;
			sourceTree = "<group>";
		};
		DD0932CF22217221001777A9 /* vc */ = {
			isa = PBXGroup;
			children = (
				DD0B22B1221FF9D1002B6BC1 /* XMAddGoodViewController.h */,
				DD0B22B2221FF9D1002B6BC1 /* XMAddGoodViewController.m */,
			);
			path = vc;
			sourceTree = "<group>";
		};
		DD0932D022217221001777A9 /* view */ = {
			isa = PBXGroup;
			children = (
			);
			path = view;
			sourceTree = "<group>";
		};
		DD0B22AD221FF945002B6BC1 /* addGood(添加商品) */ = {
			isa = PBXGroup;
			children = (
				DD0932CE22217221001777A9 /* model */,
				DD0932CF22217221001777A9 /* vc */,
				DD0932D022217221001777A9 /* view */,
			);
			path = "addGood(添加商品)";
			sourceTree = "<group>";
		};
		DD3F51FE22226EED00178BC3 /* servicer(供应商) */ = {
			isa = PBXGroup;
			children = (
				DD3F520022226F2100178BC3 /* controller */,
				DD3F520122226F2100178BC3 /* model */,
				DD3F51FF22226F2100178BC3 /* view */,
			);
			path = "servicer(供应商)";
			sourceTree = "<group>";
		};
		DD3F51FF22226F2100178BC3 /* view */ = {
			isa = PBXGroup;
			children = (
			);
			path = view;
			sourceTree = "<group>";
		};
		DD3F520022226F2100178BC3 /* controller */ = {
			isa = PBXGroup;
			children = (
				DD3F520222226F4900178BC3 /* XMServiceViewController.h */,
				DD3F520322226F4900178BC3 /* XMServiceViewController.m */,
			);
			path = controller;
			sourceTree = "<group>";
		};
		DD3F520122226F2100178BC3 /* model */ = {
			isa = PBXGroup;
			children = (
			);
			path = model;
			sourceTree = "<group>";
		};
		DD83316322219B2200C4EC17 /* goodType商品种类 */ = {
			isa = PBXGroup;
			children = (
				DD83316522219B2900C4EC17 /* DCCategrayViewController.h */,
				DD83316422219B2800C4EC17 /* DCCategrayViewController.m */,
			);
			path = "goodType商品种类";
			sourceTree = "<group>";
		};
/* End PBXGroup section */

/* Begin PBXNativeTarget section */
		187C79BF2043CF1800388505 /* XMShop */ = {
			isa = PBXNativeTarget;
			buildConfigurationList = 187C79D62043CF1800388505 /* Build configuration list for PBXNativeTarget "XMShop" */;
			buildPhases = (
				735FC73DB0A7A75949A7DA50 /* [CP] Check Pods Manifest.lock */,
				187C79BC2043CF1800388505 /* Sources */,
				187C79BD2043CF1800388505 /* Frameworks */,
				187C79BE2043CF1800388505 /* Resources */,
				200366A7BD45152A80B58442 /* [CP] Copy Pods Resources */,
			);
			buildRules = (
			);
			dependencies = (
			);
			name = XMShop;
			productName = XMShop;
			productReference = 187C79C02043CF1800388505 /* XMShop.app */;
			productType = "com.apple.product-type.application";
		};
/* End PBXNativeTarget section */

/* Begin PBXProject section */
		187C79B82043CF1800388505 /* Project object */ = {
			isa = PBXProject;
			attributes = {
				LastUpgradeCheck = 0920;
				ORGANIZATIONNAME = RM;
				TargetAttributes = {
					187C79BF2043CF1800388505 = {
						CreatedOnToolsVersion = 9.2;
						ProvisioningStyle = Automatic;
					};
				};
			};
			buildConfigurationList = 187C79BB2043CF1800388505 /* Build configuration list for PBXProject "XMShop" */;
			compatibilityVersion = "Xcode 8.0";
			developmentRegion = en;
			hasScannedForEncodings = 0;
			knownRegions = (
				en,
				Base,
			);
			mainGroup = 187C79B72043CF1800388505;
			productRefGroup = 187C79C12043CF1800388505 /* Products */;
			projectDirPath = "";
			projectRoot = "";
			targets = (
				187C79BF2043CF1800388505 /* XMShop */,
			);
		};
/* End PBXProject section */

/* Begin PBXResourcesBuildPhase section */
		187C79BE2043CF1800388505 /* Resources */ = {
			isa = PBXResourcesBuildPhase;
			buildActionMask = 2147483647;
			files = (
				183CCA88204FD37B00B63AA3 /* LDHomeView.xib in Resources */,
				187C79D02043CF1800388505 /* LaunchScreen.storyboard in Resources */,
				DD8503792056B92600C4B750 /* XMDetailPopview.xib in Resources */,
				18E58ED620528D0B00C08E63 /* XMGoodCell.xib in Resources */,
				18E58ED120528C1C00C08E63 /* XMStockViewController.xib in Resources */,
				187C79CD2043CF1800388505 /* Assets.xcassets in Resources */,
				183CCA9D204FEF8C00B63AA3 /* LDMenuContentView.xib in Resources */,
				183CCA98204FEC9F00B63AA3 /* LDHeaderView.xib in Resources */,
				DD0932CD22216ED5001777A9 /* Info.plist in Resources */,
				186866032050D49D00B7834F /* LDNavBar.xib in Resources */,
				DD3F520B22227AE800178BC3 /* XMAddGood.storyboard in Resources */,
				187C79CB2043CF1800388505 /* Main.storyboard in Resources */,
			);
			runOnlyForDeploymentPostprocessing = 0;
		};
/* End PBXResourcesBuildPhase section */

/* Begin PBXShellScriptBuildPhase section */
		200366A7BD45152A80B58442 /* [CP] Copy Pods Resources */ = {
			isa = PBXShellScriptBuildPhase;
			buildActionMask = 2147483647;
			files = (
			);
			inputPaths = (
				"${SRCROOT}/Pods/Target Support Files/Pods-XMShop/Pods-XMShop-resources.sh",
				"${PODS_ROOT}/IQKeyboardManager/IQKeyboardManager/Resources/IQKeyboardManager.bundle",
				"${PODS_ROOT}/SVProgressHUD/SVProgressHUD/SVProgressHUD.bundle",
			);
			name = "[CP] Copy Pods Resources";
			outputPaths = (
				"${TARGET_BUILD_DIR}/${UNLOCALIZED_RESOURCES_FOLDER_PATH}/IQKeyboardManager.bundle",
				"${TARGET_BUILD_DIR}/${UNLOCALIZED_RESOURCES_FOLDER_PATH}/SVProgressHUD.bundle",
			);
			runOnlyForDeploymentPostprocessing = 0;
			shellPath = /bin/sh;
			shellScript = "\"${SRCROOT}/Pods/Target Support Files/Pods-XMShop/Pods-XMShop-resources.sh\"\n";
			showEnvVarsInLog = 0;
		};
		735FC73DB0A7A75949A7DA50 /* [CP] Check Pods Manifest.lock */ = {
			isa = PBXShellScriptBuildPhase;
			buildActionMask = 2147483647;
			files = (
			);
			inputPaths = (
				"${PODS_PODFILE_DIR_PATH}/Podfile.lock",
				"${PODS_ROOT}/Manifest.lock",
			);
			name = "[CP] Check Pods Manifest.lock";
			outputPaths = (
				"$(DERIVED_FILE_DIR)/Pods-XMShop-checkManifestLockResult.txt",
			);
			runOnlyForDeploymentPostprocessing = 0;
			shellPath = /bin/sh;
			shellScript = "diff \"${PODS_PODFILE_DIR_PATH}/Podfile.lock\" \"${PODS_ROOT}/Manifest.lock\" > /dev/null\nif [ $? != 0 ] ; then\n    # print error to STDERR\n    echo \"error: The sandbox is not in sync with the Podfile.lock. Run 'pod install' or update your CocoaPods installation.\" >&2\n    exit 1\nfi\n# This output is used by Xcode 'outputs' to avoid re-running this script phase.\necho \"SUCCESS\" > \"${SCRIPT_OUTPUT_FILE_0}\"\n";
			showEnvVarsInLog = 0;
		};
/* End PBXShellScriptBuildPhase section */

/* Begin PBXSourcesBuildPhase section */
		187C79BC2043CF1800388505 /* Sources */ = {
			isa = PBXSourcesBuildPhase;
			buildActionMask = 2147483647;
			files = (
				DD0B22B3221FF9D1002B6BC1 /* XMAddGoodViewController.m in Sources */,
				183CCA9B204FEF8400B63AA3 /* LDMenuContentView.m in Sources */,
				18E58EC6205289C300C08E63 /* XMNavigationController.m in Sources */,
				DD0932C622216ED5001777A9 /* NSCache+BGCache.m in Sources */,
				DD0932C722216ED5001777A9 /* NSObject+BGModel.m in Sources */,
				18E58ED020528C1C00C08E63 /* XMStockViewController.m in Sources */,
				189494EC204520E800E0FC97 /* UIView+Layout.m in Sources */,
				DD8331692221A86F00C4EC17 /* UIViewController+Alert.m in Sources */,
				186866012050D49400B7834F /* LDNavBar.m in Sources */,
				DD3F520422226F4900178BC3 /* XMServiceViewController.m in Sources */,
				DD0932C822216ED5001777A9 /* FMDatabase.m in Sources */,
				DD0932C522216ED5001777A9 /* BGTool.m in Sources */,
				186865FE2050D01400B7834F /* DCUpDownButton.m in Sources */,
				183CCA93204FEB5400B63AA3 /* LDMenuViewController.m in Sources */,
				DD0932CA22216ED5001777A9 /* FMDatabasePool.m in Sources */,
				187C79D32043CF1800388505 /* main.m in Sources */,
				183CCA8B204FD39500B63AA3 /* LDHomeView.m in Sources */,
				DD0932D32221725E001777A9 /* XMGoodModel.m in Sources */,
				DD0932CC22216ED5001777A9 /* FMResultSet.m in Sources */,
				183CCA83204FD0F400B63AA3 /* iCarousel.m in Sources */,
				183CCA96204FEC9100B63AA3 /* LDHeaderView.m in Sources */,
				DD0932CB22216ED5001777A9 /* FMDatabaseQueue.m in Sources */,
				DD8503772056B91B00C4B750 /* XMDetailPopview.m in Sources */,
				187C79C52043CF1800388505 /* AppDelegate.m in Sources */,
				18E58EC920528B5600C08E63 /* XMBaseViewController.m in Sources */,
				183CCA86204FD15700B63AA3 /* LDHomeViewController.m in Sources */,
				DD0932C422216ED5001777A9 /* BGDB.m in Sources */,
				DD0932D6222195CE001777A9 /* XMContacts.m in Sources */,
				18E58ED9205290B000C08E63 /* FTLabel.m in Sources */,
				DD83316622219B2900C4EC17 /* DCCategrayViewController.m in Sources */,
				18E58ED520528D0B00C08E63 /* XMGoodCell.m in Sources */,
				DD0932C922216ED5001777A9 /* FMDatabaseAdditions.m in Sources */,
			);
			runOnlyForDeploymentPostprocessing = 0;
		};
/* End PBXSourcesBuildPhase section */

/* Begin PBXVariantGroup section */
		187C79C92043CF1800388505 /* Main.storyboard */ = {
			isa = PBXVariantGroup;
			children = (
				187C79CA2043CF1800388505 /* Base */,
			);
			name = Main.storyboard;
			sourceTree = "<group>";
		};
		187C79CE2043CF1800388505 /* LaunchScreen.storyboard */ = {
			isa = PBXVariantGroup;
			children = (
				187C79CF2043CF1800388505 /* Base */,
			);
			name = LaunchScreen.storyboard;
			sourceTree = "<group>";
		};
/* End PBXVariantGroup section */

/* Begin XCBuildConfiguration section */
		187C79D42043CF1800388505 /* Debug */ = {
			isa = XCBuildConfiguration;
			buildSettings = {
				ALWAYS_SEARCH_USER_PATHS = NO;
				CLANG_ANALYZER_NONNULL = YES;
				CLANG_ANALYZER_NUMBER_OBJECT_CONVERSION = YES_AGGRESSIVE;
				CLANG_CXX_LANGUAGE_STANDARD = "gnu++14";
				CLANG_CXX_LIBRARY = "libc++";
				CLANG_ENABLE_MODULES = YES;
				CLANG_ENABLE_OBJC_ARC = YES;
				CLANG_WARN_BLOCK_CAPTURE_AUTORELEASING = YES;
				CLANG_WARN_BOOL_CONVERSION = YES;
				CLANG_WARN_COMMA = YES;
				CLANG_WARN_CONSTANT_CONVERSION = YES;
				CLANG_WARN_DIRECT_OBJC_ISA_USAGE = YES_ERROR;
				CLANG_WARN_DOCUMENTATION_COMMENTS = YES;
				CLANG_WARN_EMPTY_BODY = YES;
				CLANG_WARN_ENUM_CONVERSION = YES;
				CLANG_WARN_INFINITE_RECURSION = YES;
				CLANG_WARN_INT_CONVERSION = YES;
				CLANG_WARN_NON_LITERAL_NULL_CONVERSION = YES;
				CLANG_WARN_OBJC_LITERAL_CONVERSION = YES;
				CLANG_WARN_OBJC_ROOT_CLASS = YES_ERROR;
				CLANG_WARN_RANGE_LOOP_ANALYSIS = YES;
				CLANG_WARN_STRICT_PROTOTYPES = YES;
				CLANG_WARN_SUSPICIOUS_MOVE = YES;
				CLANG_WARN_UNGUARDED_AVAILABILITY = YES_AGGRESSIVE;
				CLANG_WARN_UNREACHABLE_CODE = YES;
				CLANG_WARN__DUPLICATE_METHOD_MATCH = YES;
				CODE_SIGN_IDENTITY = "iPhone Developer";
				COPY_PHASE_STRIP = NO;
				DEBUG_INFORMATION_FORMAT = dwarf;
				ENABLE_STRICT_OBJC_MSGSEND = YES;
				ENABLE_TESTABILITY = YES;
				GCC_C_LANGUAGE_STANDARD = gnu11;
				GCC_DYNAMIC_NO_PIC = NO;
				GCC_NO_COMMON_BLOCKS = YES;
				GCC_OPTIMIZATION_LEVEL = 0;
				GCC_PREPROCESSOR_DEFINITIONS = (
					"DEBUG=1",
					"$(inherited)",
				);
				GCC_WARN_64_TO_32_BIT_CONVERSION = YES;
				GCC_WARN_ABOUT_RETURN_TYPE = YES_ERROR;
				GCC_WARN_UNDECLARED_SELECTOR = YES;
				GCC_WARN_UNINITIALIZED_AUTOS = YES_AGGRESSIVE;
				GCC_WARN_UNUSED_FUNCTION = YES;
				GCC_WARN_UNUSED_VARIABLE = YES;
				IPHONEOS_DEPLOYMENT_TARGET = 11.2;
				MTL_ENABLE_DEBUG_INFO = YES;
				ONLY_ACTIVE_ARCH = YES;
				SDKROOT = iphoneos;
			};
			name = Debug;
		};
		187C79D52043CF1800388505 /* Release */ = {
			isa = XCBuildConfiguration;
			buildSettings = {
				ALWAYS_SEARCH_USER_PATHS = NO;
				CLANG_ANALYZER_NONNULL = YES;
				CLANG_ANALYZER_NUMBER_OBJECT_CONVERSION = YES_AGGRESSIVE;
				CLANG_CXX_LANGUAGE_STANDARD = "gnu++14";
				CLANG_CXX_LIBRARY = "libc++";
				CLANG_ENABLE_MODULES = YES;
				CLANG_ENABLE_OBJC_ARC = YES;
				CLANG_WARN_BLOCK_CAPTURE_AUTORELEASING = YES;
				CLANG_WARN_BOOL_CONVERSION = YES;
				CLANG_WARN_COMMA = YES;
				CLANG_WARN_CONSTANT_CONVERSION = YES;
				CLANG_WARN_DIRECT_OBJC_ISA_USAGE = YES_ERROR;
				CLANG_WARN_DOCUMENTATION_COMMENTS = YES;
				CLANG_WARN_EMPTY_BODY = YES;
				CLANG_WARN_ENUM_CONVERSION = YES;
				CLANG_WARN_INFINITE_RECURSION = YES;
				CLANG_WARN_INT_CONVERSION = YES;
				CLANG_WARN_NON_LITERAL_NULL_CONVERSION = YES;
				CLANG_WARN_OBJC_LITERAL_CONVERSION = YES;
				CLANG_WARN_OBJC_ROOT_CLASS = YES_ERROR;
				CLANG_WARN_RANGE_LOOP_ANALYSIS = YES;
				CLANG_WARN_STRICT_PROTOTYPES = YES;
				CLANG_WARN_SUSPICIOUS_MOVE = YES;
				CLANG_WARN_UNGUARDED_AVAILABILITY = YES_AGGRESSIVE;
				CLANG_WARN_UNREACHABLE_CODE = YES;
				CLANG_WARN__DUPLICATE_METHOD_MATCH = YES;
				CODE_SIGN_IDENTITY = "iPhone Developer";
				COPY_PHASE_STRIP = NO;
				DEBUG_INFORMATION_FORMAT = "dwarf-with-dsym";
				ENABLE_NS_ASSERTIONS = NO;
				ENABLE_STRICT_OBJC_MSGSEND = YES;
				GCC_C_LANGUAGE_STANDARD = gnu11;
				GCC_NO_COMMON_BLOCKS = YES;
				GCC_WARN_64_TO_32_BIT_CONVERSION = YES;
				GCC_WARN_ABOUT_RETURN_TYPE = YES_ERROR;
				GCC_WARN_UNDECLARED_SELECTOR = YES;
				GCC_WARN_UNINITIALIZED_AUTOS = YES_AGGRESSIVE;
				GCC_WARN_UNUSED_FUNCTION = YES;
				GCC_WARN_UNUSED_VARIABLE = YES;
				IPHONEOS_DEPLOYMENT_TARGET = 11.2;
				MTL_ENABLE_DEBUG_INFO = NO;
				SDKROOT = iphoneos;
				VALIDATE_PRODUCT = YES;
			};
			name = Release;
		};
		187C79D72043CF1800388505 /* Debug */ = {
			isa = XCBuildConfiguration;
			baseConfigurationReference = DCE98B4C371C1A39E723398D /* Pods-XMShop.debug.xcconfig */;
			buildSettings = {
				ASSETCATALOG_COMPILER_APPICON_NAME = AppIcon;
				CODE_SIGN_STYLE = Automatic;
				DEVELOPMENT_TEAM = G66TY48FVB;
				GCC_PRECOMPILE_PREFIX_HEADER = YES;
				GCC_PREFIX_HEADER = "XMShop/Macros( 宏)/PrefixHeader.pch";
				INFOPLIST_FILE = XMShop/Info.plist;
				IPHONEOS_DEPLOYMENT_TARGET = 9.0;
				LD_RUNPATH_SEARCH_PATHS = "$(inherited) @executable_path/Frameworks";
				PRODUCT_BUNDLE_IDENTIFIER = com.FYXJ.XMShop2;
				PRODUCT_NAME = "$(TARGET_NAME)";
				TARGETED_DEVICE_FAMILY = 1;
			};
			name = Debug;
		};
		187C79D82043CF1800388505 /* Release */ = {
			isa = XCBuildConfiguration;
			baseConfigurationReference = 397CD5BA39F2142F975C7530 /* Pods-XMShop.release.xcconfig */;
			buildSettings = {
				ASSETCATALOG_COMPILER_APPICON_NAME = AppIcon;
				CODE_SIGN_STYLE = Automatic;
				DEVELOPMENT_TEAM = G66TY48FVB;
				GCC_PRECOMPILE_PREFIX_HEADER = YES;
				GCC_PREFIX_HEADER = "XMShop/Macros( 宏)/PrefixHeader.pch";
				INFOPLIST_FILE = XMShop/Info.plist;
				IPHONEOS_DEPLOYMENT_TARGET = 9.0;
				LD_RUNPATH_SEARCH_PATHS = "$(inherited) @executable_path/Frameworks";
				PRODUCT_BUNDLE_IDENTIFIER = com.FYXJ.XMShop2;
				PRODUCT_NAME = "$(TARGET_NAME)";
				TARGETED_DEVICE_FAMILY = 1;
			};
			name = Release;
		};
/* End XCBuildConfiguration section */

/* Begin XCConfigurationList section */
		187C79BB2043CF1800388505 /* Build configuration list for PBXProject "XMShop" */ = {
			isa = XCConfigurationList;
			buildConfigurations = (
				187C79D42043CF1800388505 /* Debug */,
				187C79D52043CF1800388505 /* Release */,
			);
			defaultConfigurationIsVisible = 0;
			defaultConfigurationName = Release;
		};
		187C79D62043CF1800388505 /* Build configuration list for PBXNativeTarget "XMShop" */ = {
			isa = XCConfigurationList;
			buildConfigurations = (
				187C79D72043CF1800388505 /* Debug */,
				187C79D82043CF1800388505 /* Release */,
			);
			defaultConfigurationIsVisible = 0;
			defaultConfigurationName = Release;
		};
/* End XCConfigurationList section */
	};
	rootObject = 187C79B82043CF1800388505 /* Project object */;
}
